
Microsoft Visual Studio Solution File, Format Version 12.00
# Visual Studio 15
VisualStudioVersion = 15.0.27004.2002
MinimumVisualStudioVersion = 10.0.40219.1
Project("{2150E333-8FDC-42A3-9474-1A3956D46DE8}") = "CleanArchitecture.Application", "CleanArchitecture.Application", "{E15A8B63-96A4-4217-B114-9002C3E13D18}"
EndProject
Project("{2150E333-8FDC-42A3-9474-1A3956D46DE8}") = "CleanArchitecture.Domain", "CleanArchitecture.Domain", "{BD06CA52-3DD9-4A5C-9369-CCAE0E3ECA06}"
EndProject
Project("{2150E333-8FDC-42A3-9474-1A3956D46DE8}") = "CleanArchitecture.Infra.IoC", "CleanArchitecture.Infra.IoC", "{3783D0C7-510F-4D13-A17C-112D73411FB9}"
EndProject
Project("{2150E333-8FDC-42A3-9474-1A3956D46DE8}") = "CleanArchitecture.Infra.Data", "CleanArchitecture.Infra.Data", "{D1F72EB7-1D97-4962-AB04-E3CA8EC826BD}"
EndProject
Project("{2150E333-8FDC-42A3-9474-1A3956D46DE8}") = "CleanArchitecture.UI.MVC", "CleanArchitecture.UI.MVC", "{2DC0B0BA-D7FC-4233-A967-822822E3A123}"
EndProject
Global
	GlobalSection(SolutionProperties) = preSolution
		HideSolutionNode = FALSE
	EndGlobalSection
	GlobalSection(ExtensibilityGlobals) = postSolution
		SolutionGuid = {0806970C-BE46-4D7B-9B31-F1B918312D07}
	EndGlobalSection
EndGlobal
